// !$*UTF8*$!
{
	archiveVersion = 1;
	classes = {
	};
	objectVersion = 46;
	objects = {

/* Begin PBXBuildFile section */
		3A4EFAC51FA1039B00C1BCDF /* MixDemiSans.ttf in Resources */ = {isa = PBXBuildFile; fileRef = 3A4EFAC41FA1039B00C1BCDF /* MixDemiSans.ttf */; };
		3A4EFAC71FA53A4300C1BCDF /* constants.swift in Sources */ = {isa = PBXBuildFile; fileRef = 3A4EFAC61FA53A4300C1BCDF /* constants.swift */; };
		3A4EFAC91FA541F100C1BCDF /* CurrentWeather.swift in Sources */ = {isa = PBXBuildFile; fileRef = 3A4EFAC81FA541F100C1BCDF /* CurrentWeather.swift */; };
		3A7140191F9C685B0056A4DC /* AppDelegate.swift in Sources */ = {isa = PBXBuildFile; fileRef = 3A7140181F9C685B0056A4DC /* AppDelegate.swift */; };
		3A71401B1F9C685B0056A4DC /* ViewController.swift in Sources */ = {isa = PBXBuildFile; fileRef = 3A71401A1F9C685B0056A4DC /* ViewController.swift */; };
		3A71401E1F9C685B0056A4DC /* Main.storyboard in Resources */ = {isa = PBXBuildFile; fileRef = 3A71401C1F9C685B0056A4DC /* Main.storyboard */; };
		3A7140211F9C685B0056A4DC /* RainShine.xcdatamodeld in Sources */ = {isa = PBXBuildFile; fileRef = 3A71401F1F9C685B0056A4DC /* RainShine.xcdatamodeld */; };
		3A7140231F9C685B0056A4DC /* Assets.xcassets in Resources */ = {isa = PBXBuildFile; fileRef = 3A7140221F9C685B0056A4DC /* Assets.xcassets */; };
		3A7140261F9C685B0056A4DC /* LaunchScreen.storyboard in Resources */ = {isa = PBXBuildFile; fileRef = 3A7140241F9C685B0056A4DC /* LaunchScreen.storyboard */; };
		8198585781B0D6F7E5CD44FB /* Pods_RainShine.framework in Frameworks */ = {isa = PBXBuildFile; fileRef = 5FE75FB66B8B6564F8744F6C /* Pods_RainShine.framework */; };
/* End PBXBuildFile section */

/* Begin PBXFileReference section */
		3A4EFAC41FA1039B00C1BCDF /* MixDemiSans.ttf */ = {isa = PBXFileReference; lastKnownFileType = file; path = MixDemiSans.ttf; sourceTree = "<group>"; };
		3A4EFAC61FA53A4300C1BCDF /* constants.swift */ = {isa = PBXFileReference; fileEncoding = 4; lastKnownFileType = sourcecode.swift; path = constants.swift; sourceTree = "<group>"; };
		3A4EFAC81FA541F100C1BCDF /* CurrentWeather.swift */ = {isa = PBXFileReference; fileEncoding = 4; lastKnownFileType = sourcecode.swift; path = CurrentWeather.swift; sourceTree = "<group>"; };
		3A7140151F9C685B0056A4DC /* RainShine.app */ = {isa = PBXFileReference; explicitFileType = wrapper.application; includeInIndex = 0; path = RainShine.app; sourceTree = BUILT_PRODUCTS_DIR; };
		3A7140181F9C685B0056A4DC /* AppDelegate.swift */ = {isa = PBXFileReference; lastKnownFileType = sourcecode.swift; path = AppDelegate.swift; sourceTree = "<group>"; };
		3A71401A1F9C685B0056A4DC /* ViewController.swift */ = {isa = PBXFileReference; lastKnownFileType = sourcecode.swift; path = ViewController.swift; sourceTree = "<group>"; };
		3A71401D1F9C685B0056A4DC /* Base */ = {isa = PBXFileReference; lastKnownFileType = file.storyboard; name = Base; path = Base.lproj/Main.storyboard; sourceTree = "<group>"; };
		3A7140201F9C685B0056A4DC /* RainShine.xcdatamodel */ = {isa = PBXFileReference; lastKnownFileType = wrapper.xcdatamodel; path = RainShine.xcdatamodel; sourceTree = "<group>"; };
		3A7140221F9C685B0056A4DC /* Assets.xcassets */ = {isa = PBXFileReference; lastKnownFileType = folder.assetcatalog; path = Assets.xcassets; sourceTree = "<group>"; };
		3A7140251F9C685B0056A4DC /* Base */ = {isa = PBXFileReference; lastKnownFileType = file.storyboard; name = Base; path = Base.lproj/LaunchScreen.storyboard; sourceTree = "<group>"; };
		3A7140271F9C685B0056A4DC /* Info.plist */ = {isa = PBXFileReference; lastKnownFileType = text.plist.xml; path = Info.plist; sourceTree = "<group>"; };
		5E613B5418953DBF1D10C36D /* Pods-RainShine.release.xcconfig */ = {isa = PBXFileReference; includeInIndex = 1; lastKnownFileType = text.xcconfig; name = "Pods-RainShine.release.xcconfig"; path = "Pods/Target Support Files/Pods-RainShine/Pods-RainShine.release.xcconfig"; sourceTree = "<group>"; };
		5FE75FB66B8B6564F8744F6C /* Pods_RainShine.framework */ = {isa = PBXFileReference; explicitFileType = wrapper.framework; includeInIndex = 0; path = Pods_RainShine.framework; sourceTree = BUILT_PRODUCTS_DIR; };
		84A224D2E9043EE454A8940D /* Pods-RainShine.debug.xcconfig */ = {isa = PBXFileReference; includeInIndex = 1; lastKnownFileType = text.xcconfig; name = "Pods-RainShine.debug.xcconfig"; path = "Pods/Target Support Files/Pods-RainShine/Pods-RainShine.debug.xcconfig"; sourceTree = "<group>"; };
/* End PBXFileReference section */

/* Begin PBXFrameworksBuildPhase section */
		3A7140121F9C685B0056A4DC /* Frameworks */ = {
			isa = PBXFrameworksBuildPhase;
			buildActionMask = 2147483647;
			files = (
				8198585781B0D6F7E5CD44FB /* Pods_RainShine.framework in Frameworks */,
			);
			runOnlyForDeploymentPostprocessing = 0;
		};
/* End PBXFrameworksBuildPhase section */

/* Begin PBXGroup section */
		3A71400C1F9C685B0056A4DC = {
			isa = PBXGroup;
			children = (
				3A7140171F9C685B0056A4DC /* RainShine */,
				3A7140161F9C685B0056A4DC /* Products */,
				DB5E40CC4577EABBB57A3511 /* Pods */,
				C4C8D2DC3E83AB5AF5C2FDB6 /* Frameworks */,
			);
			sourceTree = "<group>";
		};
		3A7140161F9C685B0056A4DC /* Products */ = {
			isa = PBXGroup;
			children = (
				3A7140151F9C685B0056A4DC /* RainShine.app */,
			);
			name = Products;
			sourceTree = "<group>";
		};
		3A7140171F9C685B0056A4DC /* RainShine */ = {
			isa = PBXGroup;
			children = (
				3A4EFAC41FA1039B00C1BCDF /* MixDemiSans.ttf */,
				3A7140181F9C685B0056A4DC /* AppDelegate.swift */,
				3A71401A1F9C685B0056A4DC /* ViewController.swift */,
				3A4EFAC81FA541F100C1BCDF /* CurrentWeather.swift */,
				3A71401C1F9C685B0056A4DC /* Main.storyboard */,
				3A4EFAC61FA53A4300C1BCDF /* constants.swift */,
				3A7140221F9C685B0056A4DC /* Assets.xcassets */,
				3A7140241F9C685B0056A4DC /* LaunchScreen.storyboard */,
				3A7140271F9C685B0056A4DC /* Info.plist */,
				3A71401F1F9C685B0056A4DC /* RainShine.xcdatamodeld */,
			);
			path = RainShine;
			sourceTree = "<group>";
		};
		C4C8D2DC3E83AB5AF5C2FDB6 /* Frameworks */ = {
			isa = PBXGroup;
			children = (
				5FE75FB66B8B6564F8744F6C /* Pods_RainShine.framework */,
			);
			name = Frameworks;
			sourceTree = "<group>";
		};
		DB5E40CC4577EABBB57A3511 /* Pods */ = {
			isa = PBXGroup;
			children = (
				84A224D2E9043EE454A8940D /* Pods-RainShine.debug.xcconfig */,
				5E613B5418953DBF1D10C36D /* Pods-RainShine.release.xcconfig */,
			);
			name = Pods;
			sourceTree = "<group>";
		};
/* End PBXGroup section */

/* Begin PBXNativeTarget section */
		3A7140141F9C685B0056A4DC /* RainShine */ = {
			isa = PBXNativeTarget;
			buildConfigurationList = 3A71402A1F9C685B0056A4DC /* Build configuration list for PBXNativeTarget "RainShine" */;
			buildPhases = (
				BCF655F2C26ABB232CB2820F /* [CP] Check Pods Manifest.lock */,
				3A7140111F9C685B0056A4DC /* Sources */,
				3A7140121F9C685B0056A4DC /* Frameworks */,
				3A7140131F9C685B0056A4DC /* Resources */,
				CE792AD43C57FFC2D3001C6C /* [CP] Embed Pods Frameworks */,
				5427F88955B8ADFB72740C49 /* [CP] Copy Pods Resources */,
			);
			buildRules = (
			);
			dependencies = (
			);
			name = RainShine;
			productName = RainShine;
			productReference = 3A7140151F9C685B0056A4DC /* RainShine.app */;
			productType = "com.apple.product-type.application";
		};
/* End PBXNativeTarget section */

/* Begin PBXProject section */
		3A71400D1F9C685B0056A4DC /* Project object */ = {
			isa = PBXProject;
			attributes = {
				LastSwiftUpdateCheck = 0830;
				LastUpgradeCheck = 0830;
				ORGANIZATIONNAME = "Botany Bay Enterprises, Inc.";
				TargetAttributes = {
					3A7140141F9C685B0056A4DC = {
						CreatedOnToolsVersion = 8.3.3;
						DevelopmentTeam = 75QZKN69SU;
						ProvisioningStyle = Automatic;
					};
				};
			};
			buildConfigurationList = 3A7140101F9C685B0056A4DC /* Build configuration list for PBXProject "RainShine" */;
			compatibilityVersion = "Xcode 3.2";
			developmentRegion = English;
			hasScannedForEncodings = 0;
			knownRegions = (
				en,
				Base,
			);
			mainGroup = 3A71400C1F9C685B0056A4DC;
			productRefGroup = 3A7140161F9C685B0056A4DC /* Products */;
			projectDirPath = "";
			projectRoot = "";
			targets = (
				3A7140141F9C685B0056A4DC /* RainShine */,
			);
		};
/* End PBXProject section */

/* Begin PBXResourcesBuildPhase section */
		3A7140131F9C685B0056A4DC /* Resources */ = {
			isa = PBXResourcesBuildPhase;
			buildActionMask = 2147483647;
			files = (
				3A7140261F9C685B0056A4DC /* LaunchScreen.storyboard in Resources */,
				3A4EFAC51FA1039B00C1BCDF /* MixDemiSans.ttf in Resources */,
				3A7140231F9C685B0056A4DC /* Assets.xcassets in Resources */,
				3A71401E1F9C685B0056A4DC /* Main.storyboard in Resources */,
			);
			runOnlyForDeploymentPostprocessing = 0;
		};
/* End PBXResourcesBuildPhase section */

/* Begin PBXShellScriptBuildPhase section */
		5427F88955B8ADFB72740C49 /* [CP] Copy Pods Resources */ = {
			isa = PBXShellScriptBuildPhase;
			buildActionMask = 2147483647;
			files = (
			);
			inputPaths = (
			);
			name = "[CP] Copy Pods Resources";
			outputPaths = (
			);
			runOnlyForDeploymentPostprocessing = 0;
			shellPath = /bin/sh;
			shellScript = "\"${SRCROOT}/Pods/Target Support Files/Pods-RainShine/Pods-RainShine-resources.sh\"\n";
			showEnvVarsInLog = 0;
		};
		BCF655F2C26ABB232CB2820F /* [CP] Check Pods Manifest.lock */ = {
			isa = PBXShellScriptBuildPhase;
			buildActionMask = 2147483647;
			files = (
			);
			inputPaths = (
				"${PODS_PODFILE_DIR_PATH}/Podfile.lock",
				"${PODS_ROOT}/Manifest.lock",
			);
			name = "[CP] Check Pods Manifest.lock";
			outputPaths = (
				"$(DERIVED_FILE_DIR)/Pods-RainShine-checkManifestLockResult.txt",
			);
			runOnlyForDeploymentPostprocessing = 0;
			shellPath = /bin/sh;
			shellScript = "diff \"${PODS_PODFILE_DIR_PATH}/Podfile.lock\" \"${PODS_ROOT}/Manifest.lock\" > /dev/null\nif [ $? != 0 ] ; then\n    # print error to STDERR\n    echo \"error: The sandbox is not in sync with the Podfile.lock. Run 'pod install' or update your CocoaPods installation.\" >&2\n    exit 1\nfi\n# This output is used by Xcode 'outputs' to avoid re-running this script phase.\necho \"SUCCESS\" > \"${SCRIPT_OUTPUT_FILE_0}\"\n";
			showEnvVarsInLog = 0;
		};
		CE792AD43C57FFC2D3001C6C /* [CP] Embed Pods Frameworks */ = {
			isa = PBXShellScriptBuildPhase;
			buildActionMask = 2147483647;
			files = (
			);
			inputPaths = (
				"${SRCROOT}/Pods/Target Support Files/Pods-RainShine/Pods-RainShine-frameworks.sh",
				"${BUILT_PRODUCTS_DIR}/Alamofire/Alamofire.framework",
			);
			name = "[CP] Embed Pods Frameworks";
			outputPaths = (
				"${TARGET_BUILD_DIR}/${FRAMEWORKS_FOLDER_PATH}/Alamofire.framework",
			);
			runOnlyForDeploymentPostprocessing = 0;
			shellPath = /bin/sh;
			shellScript = "\"${SRCROOT}/Pods/Target Support Files/Pods-RainShine/Pods-RainShine-frameworks.sh\"\n";
			showEnvVarsInLog = 0;
		};
/* End PBXShellScriptBuildPhase section */

/* Begin PBXSourcesBuildPhase section */
		3A7140111F9C685B0056A4DC /* Sources */ = {
			isa = PBXSourcesBuildPhase;
			buildActionMask = 2147483647;
			files = (
				3A7140211F9C685B0056A4DC /* RainShine.xcdatamodeld in Sources */,
				3A4EFAC91FA541F100C1BCDF /* CurrentWeather.swift in Sources */,
				3A71401B1F9C685B0056A4DC /* ViewController.swift in Sources */,
				3A7140191F9C685B0056A4DC /* AppDelegate.swift in Sources */,
				3A4EFAC71FA53A4300C1BCDF /* constants.swift in Sources */,
			);
			runOnlyForDeploymentPostprocessing = 0;
		};
/* End PBXSourcesBuildPhase section */

/* Begin PBXVariantGroup section */
		3A71401C1F9C685B0056A4DC /* Main.storyboard */ = {
			isa = PBXVariantGroup;
			children = (
				3A71401D1F9C685B0056A4DC /* Base */,
			);
			name = Main.storyboard;
			sourceTree = "<group>";
		};
		3A7140241F9C685B0056A4DC /* LaunchScreen.storyboard */ = {
			isa = PBXVariantGroup;
			children = (
				3A7140251F9C685B0056A4DC /* Base */,
			);
			name = LaunchScreen.storyboard;
			sourceTree = "<group>";
		};
/* End PBXVariantGroup section */

/* Begin XCBuildConfiguration section */
		3A7140281F9C685B0056A4DC /* Debug */ = {
			isa = XCBuildConfiguration;
			buildSettings = {
				ALWAYS_SEARCH_USER_PATHS = NO;
				CLANG_ANALYZER_NONNULL = YES;
				CLANG_ANALYZER_NUMBER_OBJECT_CONVERSION = YES_AGGRESSIVE;
				CLANG_CXX_LANGUAGE_STANDARD = "gnu++0x";
				CLANG_CXX_LIBRARY = "libc++";
				CLANG_ENABLE_MODULES = YES;
				CLANG_ENABLE_OBJC_ARC = YES;
				CLANG_WARN_BOOL_CONVERSION = YES;
				CLANG_WARN_CONSTANT_CONVERSION = YES;
				CLANG_WARN_DIRECT_OBJC_ISA_USAGE = YES_ERROR;
				CLANG_WARN_DOCUMENTATION_COMMENTS = YES;
				CLANG_WARN_EMPTY_BODY = YES;
				CLANG_WARN_ENUM_CONVERSION = YES;
				CLANG_WARN_INFINITE_RECURSION = YES;
				CLANG_WARN_INT_CONVERSION = YES;
				CLANG_WARN_OBJC_ROOT_CLASS = YES_ERROR;
				CLANG_WARN_SUSPICIOUS_MOVE = YES;
				CLANG_WARN_UNREACHABLE_CODE = YES;
				CLANG_WARN__DUPLICATE_METHOD_MATCH = YES;
				"CODE_SIGN_IDENTITY[sdk=iphoneos*]" = "iPhone Developer";
				COPY_PHASE_STRIP = NO;
				DEBUG_INFORMATION_FORMAT = dwarf;
				ENABLE_STRICT_OBJC_MSGSEND = YES;
				ENABLE_TESTABILITY = YES;
				GCC_C_LANGUAGE_STANDARD = gnu99;
				GCC_DYNAMIC_NO_PIC = NO;
				GCC_NO_COMMON_BLOCKS = YES;
				GCC_OPTIMIZATION_LEVEL = 0;
				GCC_PREPROCESSOR_DEFINITIONS = (
					"DEBUG=1",
					"$(inherited)",
				);
				GCC_WARN_64_TO_32_BIT_CONVERSION = YES;
				GCC_WARN_ABOUT_RETURN_TYPE = YES_ERROR;
				GCC_WARN_UNDECLARED_SELECTOR = YES;
				GCC_WARN_UNINITIALIZED_AUTOS = YES_AGGRESSIVE;
				GCC_WARN_UNUSED_FUNCTION = YES;
				GCC_WARN_UNUSED_VARIABLE = YES;
				IPHONEOS_DEPLOYMENT_TARGET = 10.3;
				MTL_ENABLE_DEBUG_INFO = YES;
				ONLY_ACTIVE_ARCH = YES;
				SDKROOT = iphoneos;
				SWIFT_ACTIVE_COMPILATION_CONDITIONS = DEBUG;
				SWIFT_OPTIMIZATION_LEVEL = "-Onone";
				TARGETED_DEVICE_FAMILY = "1,2";
			};
			name = Debug;
		};
		3A7140291F9C685B0056A4DC /* Release */ = {
			isa = XCBuildConfiguration;
			buildSettings = {
				ALWAYS_SEARCH_USER_PATHS = NO;
				CLANG_ANALYZER_NONNULL = YES;
				CLANG_ANALYZER_NUMBER_OBJECT_CONVERSION = YES_AGGRESSIVE;
				CLANG_CXX_LANGUAGE_STANDARD = "gnu++0x";
				CLANG_CXX_LIBRARY = "libc++";
				CLANG_ENABLE_MODULES = YES;
				CLANG_ENABLE_OBJC_ARC = YES;
				CLANG_WARN_BOOL_CONVERSION = YES;
				CLANG_WARN_CONSTANT_CONVERSION = YES;
				CLANG_WARN_DIRECT_OBJC_ISA_USAGE = YES_ERROR;
				CLANG_WARN_DOCUMENTATION_COMMENTS = YES;
				CLANG_WARN_EMPTY_BODY = YES;
				CLANG_WARN_ENUM_CONVERSION = YES;
				CLANG_WARN_INFINITE_RECURSION = YES;
				CLANG_WARN_INT_CONVERSION = YES;
				CLANG_WARN_OBJC_ROOT_CLASS = YES_ERROR;
				CLANG_WARN_SUSPICIOUS_MOVE = YES;
				CLANG_WARN_UNREACHABLE_CODE = YES;
				CLANG_WARN__DUPLICATE_METHOD_MATCH = YES;
				"CODE_SIGN_IDENTITY[sdk=iphoneos*]" = "iPhone Developer";
				COPY_PHASE_STRIP = NO;
				DEBUG_INFORMATION_FORMAT = "dwarf-with-dsym";
				ENABLE_NS_ASSERTIONS = NO;
				ENABLE_STRICT_OBJC_MSGSEND = YES;
				GCC_C_LANGUAGE_STANDARD = gnu99;
				GCC_NO_COMMON_BLOCKS = YES;
				GCC_WARN_64_TO_32_BIT_CONVERSION = YES;
				GCC_WARN_ABOUT_RETURN_TYPE = YES_ERROR;
				GCC_WARN_UNDECLARED_SELECTOR = YES;
				GCC_WARN_UNINITIALIZED_AUTOS = YES_AGGRESSIVE;
				GCC_WARN_UNUSED_FUNCTION = YES;
				GCC_WARN_UNUSED_VARIABLE = YES;
				IPHONEOS_DEPLOYMENT_TARGET = 10.3;
				MTL_ENABLE_DEBUG_INFO = NO;
				SDKROOT = iphoneos;
				SWIFT_OPTIMIZATION_LEVEL = "-Owholemodule";
				TARGETED_DEVICE_FAMILY = "1,2";
				VALIDATE_PRODUCT = YES;
			};
			name = Release;
		};
		3A71402B1F9C685B0056A4DC /* Debug */ = {
			isa = XCBuildConfiguration;
			baseConfigurationReference = 84A224D2E9043EE454A8940D /* Pods-RainShine.debug.xcconfig */;
			buildSettings = {
				ASSETCATALOG_COMPILER_APPICON_NAME = AppIcon;
				DEVELOPMENT_TEAM = 75QZKN69SU;
				INFOPLIST_FILE = RainShine/Info.plist;
				LD_RUNPATH_SEARCH_PATHS = "$(inherited) @executable_path/Frameworks";
				PRODUCT_BUNDLE_IDENTIFIER = com.botanybayenterprises.RainShine;
				PRODUCT_NAME = "$(TARGET_NAME)";
				SWIFT_VERSION = 3.0;
				TARGETED_DEVICE_FAMILY = 1;
			};
			name = Debug;
		};
		3A71402C1F9C685B0056A4DC /* Release */ = {
			isa = XCBuildConfiguration;
			baseConfigurationReference = 5E613B5418953DBF1D10C36D /* Pods-RainShine.release.xcconfig */;
			buildSettings = {
				ASSETCATALOG_COMPILER_APPICON_NAME = AppIcon;
				DEVELOPMENT_TEAM = 75QZKN69SU;
				INFOPLIST_FILE = RainShine/Info.plist;
				LD_RUNPATH_SEARCH_PATHS = "$(inherited) @executable_path/Frameworks";
				PRODUCT_BUNDLE_IDENTIFIER = com.botanybayenterprises.RainShine;
				PRODUCT_NAME = "$(TARGET_NAME)";
				SWIFT_VERSION = 3.0;
				TARGETED_DEVICE_FAMILY = 1;
			};
			name = Release;
		};
/* End XCBuildConfiguration section */

/* Begin XCConfigurationList section */
		3A7140101F9C685B0056A4DC /* Build configuration list for PBXProject "RainShine" */ = {
			isa = XCConfigurationList;
			buildConfigurations = (
				3A7140281F9C685B0056A4DC /* Debug */,
				3A7140291F9C685B0056A4DC /* Release */,
			);
			defaultConfigurationIsVisible = 0;
			defaultConfigurationName = Release;
		};
		3A71402A1F9C685B0056A4DC /* Build configuration list for PBXNativeTarget "RainShine" */ = {
			isa = XCConfigurationList;
			buildConfigurations = (
				3A71402B1F9C685B0056A4DC /* Debug */,
				3A71402C1F9C685B0056A4DC /* Release */,
			);
			defaultConfigurationIsVisible = 0;
			defaultConfigurationName = Release;
		};
/* End XCConfigurationList section */

/* Begin XCVersionGroup section */
		3A71401F1F9C685B0056A4DC /* RainShine.xcdatamodeld */ = {
			isa = XCVersionGroup;
			children = (
				3A7140201F9C685B0056A4DC /* RainShine.xcdatamodel */,
			);
			currentVersion = 3A7140201F9C685B0056A4DC /* RainShine.xcdatamodel */;
			path = RainShine.xcdatamodeld;
			sourceTree = "<group>";
			versionGroupType = wrapper.xcdatamodel;
		};
/* End XCVersionGroup section */
	};
	rootObject = 3A71400D1F9C685B0056A4DC /* Project object */;
}
